
Microsoft Visual Studio Solution File, Format Version 12.00
# Visual Studio 15
VisualStudioVersion = 15.0.27703.2035
MinimumVisualStudioVersion = 10.0.40219.1
Project("{FAE04EC0-301F-11D3-BF4B-00C04F79EFBC}") = "AcademyManagementSystem", "AcademyManagementSystem\AcademyManagementSystem.csproj", "{F6457C8F-1DEC-47D8-BE4C-1A82317A8E6B}"
EndProject
Global
	GlobalSection(SolutionConfigurationPlatforms) = preSolution
		Debug|Any CPU = Debug|Any CPU
		Release|Any CPU = Release|Any CPU
	EndGlobalSection
	GlobalSection(ProjectConfigurationPlatforms) = postSolution
		{F6457C8F-1DEC-47D8-BE4C-1A82317A8E6B}.Debug|Any CPU.ActiveCfg = Debug|Any CPU
		{F6457C8F-1DEC-47D8-BE4C-1A82317A8E6B}.Debug|Any CPU.Build.0 = Debug|Any CPU
		{F6457C8F-1DEC-47D8-BE4C-1A82317A8E6B}.Release|Any CPU.ActiveCfg = Release|Any CPU
		{F6457C8F-1DEC-47D8-BE4C-1A82317A8E6B}.Release|Any CPU.Build.0 = Release|Any CPU
	EndGlobalSection
	GlobalSection(SolutionProperties) = preSolution
		HideSolutionNode = FALSE
	EndGlobalSection
	GlobalSection(ExtensibilityGlobals) = postSolution
		SolutionGuid = {E42429E2-AA63-4B61-927B-0AF3EDC45332}
	EndGlobalSection
EndGlobal
